// !$*UTF8*$!
{
	archiveVersion = 1;
	classes = {
	};
	objectVersion = 77;
	objects = {

/* Begin PBXBuildFile section */
		C29E219164784681BBDE1D69 /* continuumWidget.appex in Embed Foundation Extensions */ = {isa = PBXBuildFile; fileRef = B2C813C1C9DD47949B1632F0 /* continuumWidget.appex */; settings = {ATTRIBUTES = (RemoveHeadersOnCopy, ); }; };
/* End PBXBuildFile section */

/* Begin PBXContainerItemProxy section */
		9398BEE860E14C1B88C6CA81 /* PBXContainerItemProxy */ = {
			isa = PBXContainerItemProxy;
			containerPortal = DA112F2C2E9464AB004FF4C9 /* Project object */;
			proxyType = 1;
			remoteGlobalIDString = 6DA1B0CA91254684BFE54F32;
			remoteInfo = continuumWidget;
		};
		DA112F432E9464AC004FF4C9 /* PBXContainerItemProxy */ = {
			isa = PBXContainerItemProxy;
			containerPortal = DA112F2C2E9464AB004FF4C9 /* Project object */;
			proxyType = 1;
			remoteGlobalIDString = DA112F332E9464AB004FF4C9;
			remoteInfo = continuum;
		};
		DA112F4D2E9464AC004FF4C9 /* PBXContainerItemProxy */ = {
			isa = PBXContainerItemProxy;
			containerPortal = DA112F2C2E9464AB004FF4C9 /* Project object */;
			proxyType = 1;
			remoteGlobalIDString = DA112F332E9464AB004FF4C9;
			remoteInfo = continuum;
		};
/* End PBXContainerItemProxy section */

/* Begin PBXCopyFilesBuildPhase section */
		46C5D47461D5443EAEC42FE8 /* Embed Foundation Extensions */ = {
			isa = PBXCopyFilesBuildPhase;
			buildActionMask = 2147483647;
			dstPath = "";
			dstSubfolderSpec = 13;
			files = (
				C29E219164784681BBDE1D69 /* continuumWidget.appex in Embed Foundation Extensions */,
			);
			name = "Embed Foundation Extensions";
			runOnlyForDeploymentPostprocessing = 0;
		};
/* End PBXCopyFilesBuildPhase section */

/* Begin PBXFileReference section */
		21AC649B8C0C457B8EF99E80 /* WidgetKit.framework */ = {isa = PBXFileReference; lastKnownFileType = wrapper.framework; name = WidgetKit.framework; path = System/Library/Frameworks/WidgetKit.framework; sourceTree = SDKROOT; };
		A8CFCBA9FA05448FA55AD257 /* SwiftUI.framework */ = {isa = PBXFileReference; lastKnownFileType = wrapper.framework; name = SwiftUI.framework; path = System/Library/Frameworks/SwiftUI.framework; sourceTree = SDKROOT; };
		B2C813C1C9DD47949B1632F0 /* continuumWidget.appex */ = {isa = PBXFileReference; explicitFileType = "wrapper.app-extension"; includeInIndex = 0; path = continuumWidget.appex; sourceTree = BUILT_PRODUCTS_DIR; };
		DA112F342E9464AB004FF4C9 /* continuum.app */ = {isa = PBXFileReference; explicitFileType = wrapper.application; includeInIndex = 0; path = continuum.app; sourceTree = BUILT_PRODUCTS_DIR; };
		DA112F422E9464AC004FF4C9 /* continuumTests.xctest */ = {isa = PBXFileReference; explicitFileType = wrapper.cfbundle; includeInIndex = 0; path = continuumTests.xctest; sourceTree = BUILT_PRODUCTS_DIR; };
		DA112F4C2E9464AC004FF4C9 /* continuumUITests.xctest */ = {isa = PBXFileReference; explicitFileType = wrapper.cfbundle; includeInIndex = 0; path = continuumUITests.xctest; sourceTree = BUILT_PRODUCTS_DIR; };
		DAFA8D2B2FDC6FB400156DE7 /* continuum.xctestplan */ = {isa = PBXFileReference; lastKnownFileType = text; path = continuum.xctestplan; sourceTree = "<group>"; };
/* End PBXFileReference section */

/* Begin PBXFileSystemSynchronizedBuildFileExceptionSet section */
		48FD36EAB2AA42AD8E5FE740 /* Exceptions for "continuumWidget" folder in "continuumWidget" target */ = {
			isa = PBXFileSystemSynchronizedBuildFileExceptionSet;
			membershipExceptions = (
				Info.plist,
			);
			target = 6DA1B0CA91254684BFE54F32 /* continuumWidget */;
		};
		48FD36EAB2AA42AD8E5FE741 /* Exceptions for "continuum" folder in "continuum" target */ = {
			isa = PBXFileSystemSynchronizedBuildFileExceptionSet;
			membershipExceptions = (
				Info.plist,
			);
			target = DA112F332E9464AB004FF4C9 /* continuum */;
		};
/* End PBXFileSystemSynchronizedBuildFileExceptionSet section */

/* Begin PBXFileSystemSynchronizedRootGroup section */
		86855126AC8F409A8397F4D5 /* continuumWidget */ = {
			isa = PBXFileSystemSynchronizedRootGroup;
			exceptions = (
				48FD36EAB2AA42AD8E5FE740 /* Exceptions for "continuumWidget" folder in "continuumWidget" target */,
			);
			path = continuumWidget;
			sourceTree = "<group>";
		};
		DA112F362E9464AB004FF4C9 /* continuum */ = {
			isa = PBXFileSystemSynchronizedRootGroup;
			exceptions = (
				48FD36EAB2AA42AD8E5FE741 /* Exceptions for "continuum" folder in "continuum" target */,
			);
			path = continuum;
			sourceTree = "<group>";
		};
		DA112F452E9464AC004FF4C9 /* continuumTests */ = {
			isa = PBXFileSystemSynchronizedRootGroup;
			path = continuumTests;
			sourceTree = "<group>";
		};
		DA112F4F2E9464AC004FF4C9 /* continuumUITests */ = {
			isa = PBXFileSystemSynchronizedRootGroup;
			path = continuumUITests;
			sourceTree = "<group>";
		};
		DA112F502E9464AC004FF4C9 /* Shared */ = {
			isa = PBXFileSystemSynchronizedRootGroup;
			path = Shared;
			sourceTree = "<group>";
		};
/* End PBXFileSystemSynchronizedRootGroup section */

/* Begin PBXFrameworksBuildPhase section */
		DA112F312E9464AB004FF4C9 /* Frameworks */ = {
			isa = PBXFrameworksBuildPhase;
			buildActionMask = 2147483647;
			files = (
			);
			runOnlyForDeploymentPostprocessing = 0;
		};
		DA112F3F2E9464AC004FF4C9 /* Frameworks */ = {
			isa = PBXFrameworksBuildPhase;
			buildActionMask = 2147483647;
			files = (
			);
			runOnlyForDeploymentPostprocessing = 0;
		};
		DA112F492E9464AC004FF4C9 /* Frameworks */ = {
			isa = PBXFrameworksBuildPhase;
			buildActionMask = 2147483647;
			files = (
			);
			runOnlyForDeploymentPostprocessing = 0;
		};
		E2A5CE556F7C4F4AB8060EAD /* Frameworks */ = {
			isa = PBXFrameworksBuildPhase;
			buildActionMask = 2147483647;
			files = (
			);
			runOnlyForDeploymentPostprocessing = 0;
		};
/* End PBXFrameworksBuildPhase section */

/* Begin PBXGroup section */
		DA112F2B2E9464AB004FF4C9 = {
			isa = PBXGroup;
			children = (
				DAFA8D2B2FDC6FB400156DE7 /* continuum.xctestplan */,
				DA112F362E9464AB004FF4C9 /* continuum */,
				DA112F502E9464AC004FF4C9 /* Shared */,
				DA112F452E9464AC004FF4C9 /* continuumTests */,
				DA112F4F2E9464AC004FF4C9 /* continuumUITests */,
				DA112F352E9464AB004FF4C9 /* Products */,
				86855126AC8F409A8397F4D5 /* continuumWidget */,
				FC96986268B64B599589A990 /* Frameworks */,
			);
			sourceTree = "<group>";
		};
		DA112F352E9464AB004FF4C9 /* Products */ = {
			isa = PBXGroup;
			children = (
				DA112F342E9464AB004FF4C9 /* continuum.app */,
				DA112F422E9464AC004FF4C9 /* continuumTests.xctest */,
				DA112F4C2E9464AC004FF4C9 /* continuumUITests.xctest */,
				B2C813C1C9DD47949B1632F0 /* continuumWidget.appex */,
			);
			name = Products;
			sourceTree = "<group>";
		};
		FC96986268B64B599589A990 /* Frameworks */ = {
			isa = PBXGroup;
			children = (
				21AC649B8C0C457B8EF99E80 /* WidgetKit.framework */,
				A8CFCBA9FA05448FA55AD257 /* SwiftUI.framework */,
			);
			name = Frameworks;
			sourceTree = "<group>";
		};
/* End PBXGroup section */

/* Begin PBXNativeTarget section */
		6DA1B0CA91254684BFE54F32 /* continuumWidget */ = {
			isa = PBXNativeTarget;
			buildConfigurationList = 3F774FDC164343439F48C3DF /* Build configuration list for PBXNativeTarget "continuumWidget" */;
			buildPhases = (
				E2C1250AEE5345F2AD98F9DF /* Sources */,
				E2A5CE556F7C4F4AB8060EAD /* Frameworks */,
				67D099534A504968B209DAED /* Resources */,
			);
			buildRules = (
			);
			dependencies = (
			);
			fileSystemSynchronizedGroups = (
				86855126AC8F409A8397F4D5 /* continuumWidget */,
				DA112F502E9464AC004FF4C9 /* Shared */,
			);
			name = continuumWidget;
			packageProductDependencies = (
			);
			productName = continuumWidget;
			productReference = B2C813C1C9DD47949B1632F0 /* continuumWidget.appex */;
			productType = "com.apple.product-type.app-extension";
		};
		DA112F332E9464AB004FF4C9 /* continuum */ = {
			isa = PBXNativeTarget;
			buildConfigurationList = DA112F562E9464AC004FF4C9 /* Build configuration list for PBXNativeTarget "continuum" */;
			buildPhases = (
				DA112F302E9464AB004FF4C9 /* Sources */,
				DA112F312E9464AB004FF4C9 /* Frameworks */,
				DA112F322E9464AB004FF4C9 /* Resources */,
				46C5D47461D5443EAEC42FE8 /* Embed Foundation Extensions */,
			);
			buildRules = (
			);
			dependencies = (
				AF15AA3417D24F7C87751DCF /* PBXTargetDependency */,
			);
			fileSystemSynchronizedGroups = (
				DA112F362E9464AB004FF4C9 /* continuum */,
				DA112F502E9464AC004FF4C9 /* Shared */,
			);
			name = continuum;
			packageProductDependencies = (
			);
			productName = continuum;
			productReference = DA112F342E9464AB004FF4C9 /* continuum.app */;
			productType = "com.apple.product-type.application";
		};
		DA112F412E9464AC004FF4C9 /* continuumTests */ = {
			isa = PBXNativeTarget;
			buildConfigurationList = DA112F592E9464AC004FF4C9 /* Build configuration list for PBXNativeTarget "continuumTests" */;
			buildPhases = (
				DA112F3E2E9464AC004FF4C9 /* Sources */,
				DA112F3F2E9464AC004FF4C9 /* Frameworks */,
				DA112F402E9464AC004FF4C9 /* Resources */,
			);
			buildRules = (
			);
			dependencies = (
				DA112F442E9464AC004FF4C9 /* PBXTargetDependency */,
			);
			fileSystemSynchronizedGroups = (
				DA112F452E9464AC004FF4C9 /* continuumTests */,
			);
			name = continuumTests;
			packageProductDependencies = (
			);
			productName = continuumTests;
			productReference = DA112F422E9464AC004FF4C9 /* continuumTests.xctest */;
			productType = "com.apple.product-type.bundle.unit-test";
		};
		DA112F4B2E9464AC004FF4C9 /* continuumUITests */ = {
			isa = PBXNativeTarget;
			buildConfigurationList = DA112F5C2E9464AC004FF4C9 /* Build configuration list for PBXNativeTarget "continuumUITests" */;
			buildPhases = (
				DA112F482E9464AC004FF4C9 /* Sources */,
				DA112F492E9464AC004FF4C9 /* Frameworks */,
				DA112F4A2E9464AC004FF4C9 /* Resources */,
			);
			buildRules = (
			);
			dependencies = (
				DA112F4E2E9464AC004FF4C9 /* PBXTargetDependency */,
			);
			fileSystemSynchronizedGroups = (
				DA112F4F2E9464AC004FF4C9 /* continuumUITests */,
			);
			name = continuumUITests;
			packageProductDependencies = (
			);
			productName = continuumUITests;
			productReference = DA112F4C2E9464AC004FF4C9 /* continuumUITests.xctest */;
			productType = "com.apple.product-type.bundle.ui-testing";
		};
/* End PBXNativeTarget section */

/* Begin PBXProject section */
		DA112F2C2E9464AB004FF4C9 /* Project object */ = {
			isa = PBXProject;
			attributes = {
				BuildIndependentTargetsInParallel = 1;
				LastSwiftUpdateCheck = 1640;
				LastUpgradeCheck = 1640;
				TargetAttributes = {
					DA112F332E9464AB004FF4C9 = {
						6DA1B0CA91254684BFE54F32 = {
							CreatedOnToolsVersion = 16.4;
						};
						CreatedOnToolsVersion = 16.4;
					};
					DA112F412E9464AC004FF4C9 = {
						CreatedOnToolsVersion = 16.4;
						TestTargetID = DA112F332E9464AB004FF4C9;
					};
					DA112F4B2E9464AC004FF4C9 = {
						CreatedOnToolsVersion = 16.4;
						TestTargetID = DA112F332E9464AB004FF4C9;
					};
				};
			};
			buildConfigurationList = DA112F2F2E9464AB004FF4C9 /* Build configuration list for PBXProject "continuum" */;
			developmentRegion = en;
			hasScannedForEncodings = 0;
			knownRegions = (
				en,
				Base,
			);
			mainGroup = DA112F2B2E9464AB004FF4C9;
			minimizedProjectReferenceProxies = 1;
			preferredProjectObjectVersion = 77;
			productRefGroup = DA112F352E9464AB004FF4C9 /* Products */;
			projectDirPath = "";
			projectRoot = "";
			targets = (
				DA112F332E9464AB004FF4C9 /* continuum */,
				DA112F412E9464AC004FF4C9 /* continuumTests */,
				DA112F4B2E9464AC004FF4C9 /* continuumUITests */,
				6DA1B0CA91254684BFE54F32 /* continuumWidget */,
			);
		};
/* End PBXProject section */

/* Begin PBXResourcesBuildPhase section */
		67D099534A504968B209DAED /* Resources */ = {
			isa = PBXResourcesBuildPhase;
			buildActionMask = 2147483647;
			files = (
			);
			runOnlyForDeploymentPostprocessing = 0;
		};
		DA112F322E9464AB004FF4C9 /* Resources */ = {
			isa = PBXResourcesBuildPhase;
			buildActionMask = 2147483647;
			files = (
			);
			runOnlyForDeploymentPostprocessing = 0;
		};
		DA112F402E9464AC004FF4C9 /* Resources */ = {
			isa = PBXResourcesBuildPhase;
			buildActionMask = 2147483647;
			files = (
			);
			runOnlyForDeploymentPostprocessing = 0;
		};
		DA112F4A2E9464AC004FF4C9 /* Resources */ = {
			isa = PBXResourcesBuildPhase;
			buildActionMask = 2147483647;
			files = (
			);
			runOnlyForDeploymentPostprocessing = 0;
		};
/* End PBXResourcesBuildPhase section */

/* Begin PBXSourcesBuildPhase section */
		DA112F302E9464AB004FF4C9 /* Sources */ = {
			isa = PBXSourcesBuildPhase;
			buildActionMask = 2147483647;
			files = (
			);
			runOnlyForDeploymentPostprocessing = 0;
		};
		DA112F3E2E9464AC004FF4C9 /* Sources */ = {
			isa = PBXSourcesBuildPhase;
			buildActionMask = 2147483647;
			files = (
			);
			runOnlyForDeploymentPostprocessing = 0;
		};
		DA112F482E9464AC004FF4C9 /* Sources */ = {
			isa = PBXSourcesBuildPhase;
			buildActionMask = 2147483647;
			files = (
			);
			runOnlyForDeploymentPostprocessing = 0;
		};
		E2C1250AEE5345F2AD98F9DF /* Sources */ = {
			isa = PBXSourcesBuildPhase;
			buildActionMask = 2147483647;
			files = (
			);
			runOnlyForDeploymentPostprocessing = 0;
		};
/* End PBXSourcesBuildPhase section */

/* Begin PBXTargetDependency section */
		AF15AA3417D24F7C87751DCF /* PBXTargetDependency */ = {
			isa = PBXTargetDependency;
			target = 6DA1B0CA91254684BFE54F32 /* continuumWidget */;
			targetProxy = 9398BEE860E14C1B88C6CA81 /* PBXContainerItemProxy */;
		};
		DA112F442E9464AC004FF4C9 /* PBXTargetDependency */ = {
			isa = PBXTargetDependency;
			target = DA112F332E9464AB004FF4C9 /* continuum */;
			targetProxy = DA112F432E9464AC004FF4C9 /* PBXContainerItemProxy */;
		};
		DA112F4E2E9464AC004FF4C9 /* PBXTargetDependency */ = {
			isa = PBXTargetDependency;
			target = DA112F332E9464AB004FF4C9 /* continuum */;
			targetProxy = DA112F4D2E9464AC004FF4C9 /* PBXContainerItemProxy */;
		};
/* End PBXTargetDependency section */

/* Begin XCBuildConfiguration section */
		20B97CE5203E4C26A3179720 /* Release */ = {
			isa = XCBuildConfiguration;
			buildSettings = {
				ASSETCATALOG_COMPILER_GLOBAL_ACCENT_COLOR_NAME = AccentColor;
				ASSETCATALOG_COMPILER_WIDGET_BACKGROUND_COLOR_NAME = WidgetBackground;
				CODE_SIGN_ENTITLEMENTS = continuumWidget/continuumWidget.entitlements;
				CODE_SIGN_STYLE = Automatic;
				CURRENT_PROJECT_VERSION = 3;
				DEVELOPMENT_TEAM = NVN2NY8GZC;
				GENERATE_INFOPLIST_FILE = YES;
				INFOPLIST_FILE = continuumWidget/Info.plist;
				INFOPLIST_KEY_CFBundleDisplayName = "Continuum Widget";
				INFOPLIST_KEY_NSHumanReadableCopyright = "";
				IPHONEOS_DEPLOYMENT_TARGET = 17.0;
				LD_RUNPATH_SEARCH_PATHS = (
					"$(inherited)",
					"@executable_path/Frameworks",
					"@executable_path/../../Frameworks",
				);
				MARKETING_VERSION = 3.3;
				OTHER_SWIFT_FLAGS = "-DWIDGET_EXTENSION";
				PRODUCT_BUNDLE_IDENTIFIER = "orion-labs.continuum.continuumWidget";
				PRODUCT_NAME = "$(TARGET_NAME)";
				REGISTER_APP_GROUPS = YES;
				SDKROOT = iphoneos;
				SKIP_INSTALL = YES;
				SUPPORTED_PLATFORMS = "iphoneos iphonesimulator";
				SWIFT_EMIT_LOC_STRINGS = YES;
				SWIFT_VERSION = 5.0;
				TARGETED_DEVICE_FAMILY = 1;
				VALIDATE_PRODUCT = YES;
			};
			name = Release;
		};
		932982279FF2422E98A808E1 /* Debug */ = {
			isa = XCBuildConfiguration;
			buildSettings = {
				ASSETCATALOG_COMPILER_GLOBAL_ACCENT_COLOR_NAME = AccentColor;
				ASSETCATALOG_COMPILER_WIDGET_BACKGROUND_COLOR_NAME = WidgetBackground;
				CODE_SIGN_ENTITLEMENTS = continuumWidget/continuumWidget.entitlements;
				CODE_SIGN_STYLE = Automatic;
				CURRENT_PROJECT_VERSION = 3;
				DEVELOPMENT_TEAM = NVN2NY8GZC;
				GENERATE_INFOPLIST_FILE = YES;
				INFOPLIST_FILE = continuumWidget/Info.plist;
				INFOPLIST_KEY_CFBundleDisplayName = "Continuum Widget";
				INFOPLIST_KEY_NSHumanReadableCopyright = "";
				IPHONEOS_DEPLOYMENT_TARGET = 17.0;
				LD_RUNPATH_SEARCH_PATHS = (
					"$(inherited)",
					"@executable_path/Frameworks",
					"@executable_path/../../Frameworks",
				);
				MARKETING_VERSION = 3.3;
				OTHER_SWIFT_FLAGS = "-DWIDGET_EXTENSION";
				PRODUCT_BUNDLE_IDENTIFIER = "orion-labs.continuum.continuumWidget";
				PRODUCT_NAME = "$(TARGET_NAME)";
				REGISTER_APP_GROUPS = YES;
				SDKROOT = iphoneos;
				SKIP_INSTALL = YES;
				SUPPORTED_PLATFORMS = "iphoneos iphonesimulator";
				SWIFT_EMIT_LOC_STRINGS = YES;
				SWIFT_VERSION = 5.0;
				TARGETED_DEVICE_FAMILY = 1;
			};
			name = Debug;
		};
		DA112F542E9464AC004FF4C9 /* Debug */ = {
			isa = XCBuildConfiguration;
			buildSettings = {
				ALWAYS_SEARCH_USER_PATHS = NO;
				ASSETCATALOG_COMPILER_GENERATE_SWIFT_ASSET_SYMBOL_EXTENSIONS = YES;
				CLANG_ANALYZER_NONNULL = YES;
				CLANG_ANALYZER_NUMBER_OBJECT_CONVERSION = YES_AGGRESSIVE;
				CLANG_CXX_LANGUAGE_STANDARD = "gnu++20";
				CLANG_ENABLE_MODULES = YES;
				CLANG_ENABLE_OBJC_ARC = YES;
				CLANG_ENABLE_OBJC_WEAK = YES;
				CLANG_WARN_BLOCK_CAPTURE_AUTORELEASING = YES;
				CLANG_WARN_BOOL_CONVERSION = YES;
				CLANG_WARN_COMMA = YES;
				CLANG_WARN_CONSTANT_CONVERSION = YES;
				CLANG_WARN_DEPRECATED_OBJC_IMPLEMENTATIONS = YES;
				CLANG_WARN_DIRECT_OBJC_ISA_USAGE = YES_ERROR;
				CLANG_WARN_DOCUMENTATION_COMMENTS = YES;
				CLANG_WARN_EMPTY_BODY = YES;
				CLANG_WARN_ENUM_CONVERSION = YES;
				CLANG_WARN_INFINITE_RECURSION = YES;
				CLANG_WARN_INT_CONVERSION = YES;
				CLANG_WARN_NON_LITERAL_NULL_CONVERSION = YES;
				CLANG_WARN_OBJC_IMPLICIT_RETAIN_SELF = YES;
				CLANG_WARN_OBJC_LITERAL_CONVERSION = YES;
				CLANG_WARN_OBJC_ROOT_CLASS = YES_ERROR;
				CLANG_WARN_QUOTED_INCLUDE_IN_FRAMEWORK_HEADER = YES;
				CLANG_WARN_RANGE_LOOP_ANALYSIS = YES;
				CLANG_WARN_STRICT_PROTOTYPES = YES;
				CLANG_WARN_SUSPICIOUS_MOVE = YES;
				CLANG_WARN_UNGUARDED_AVAILABILITY = YES_AGGRESSIVE;
				CLANG_WARN_UNREACHABLE_CODE = YES;
				CLANG_WARN__DUPLICATE_METHOD_MATCH = YES;
				COPY_PHASE_STRIP = NO;
				DEBUG_INFORMATION_FORMAT = dwarf;
				ENABLE_STRICT_OBJC_MSGSEND = YES;
				ENABLE_TESTABILITY = YES;
				ENABLE_USER_SCRIPT_SANDBOXING = YES;
				GCC_C_LANGUAGE_STANDARD = gnu17;
				GCC_DYNAMIC_NO_PIC = NO;
				GCC_NO_COMMON_BLOCKS = YES;
				GCC_OPTIMIZATION_LEVEL = 0;
				GCC_PREPROCESSOR_DEFINITIONS = (
					"DEBUG=1",
					"$(inherited)",
				);
				GCC_WARN_64_TO_32_BIT_CONVERSION = YES;
				GCC_WARN_ABOUT_RETURN_TYPE = YES_ERROR;
				GCC_WARN_UNDECLARED_SELECTOR = YES;
				GCC_WARN_UNINITIALIZED_AUTOS = YES_AGGRESSIVE;
				GCC_WARN_UNUSED_FUNCTION = YES;
				GCC_WARN_UNUSED_VARIABLE = YES;
				LOCALIZATION_PREFERS_STRING_CATALOGS = YES;
				MTL_ENABLE_DEBUG_INFO = INCLUDE_SOURCE;
				MTL_FAST_MATH = YES;
				ONLY_ACTIVE_ARCH = YES;
				SWIFT_ACTIVE_COMPILATION_CONDITIONS = "DEBUG $(inherited)";
				SWIFT_OPTIMIZATION_LEVEL = "-Onone";
			};
			name = Debug;
		};
		DA112F552E9464AC004FF4C9 /* Release */ = {
			isa = XCBuildConfiguration;
			buildSettings = {
				ALWAYS_SEARCH_USER_PATHS = NO;
				ASSETCATALOG_COMPILER_GENERATE_SWIFT_ASSET_SYMBOL_EXTENSIONS = YES;
				CLANG_ANALYZER_NONNULL = YES;
				CLANG_ANALYZER_NUMBER_OBJECT_CONVERSION = YES_AGGRESSIVE;
				CLANG_CXX_LANGUAGE_STANDARD = "gnu++20";
				CLANG_ENABLE_MODULES = YES;
				CLANG_ENABLE_OBJC_ARC = YES;
				CLANG_ENABLE_OBJC_WEAK = YES;
				CLANG_WARN_BLOCK_CAPTURE_AUTORELEASING = YES;
				CLANG_WARN_BOOL_CONVERSION = YES;
				CLANG_WARN_COMMA = YES;
				CLANG_WARN_CONSTANT_CONVERSION = YES;
				CLANG_WARN_DEPRECATED_OBJC_IMPLEMENTATIONS = YES;
				CLANG_WARN_DIRECT_OBJC_ISA_USAGE = YES_ERROR;
				CLANG_WARN_DOCUMENTATION_COMMENTS = YES;
				CLANG_WARN_EMPTY_BODY = YES;
				CLANG_WARN_ENUM_CONVERSION = YES;
				CLANG_WARN_INFINITE_RECURSION = YES;
				CLANG_WARN_INT_CONVERSION = YES;
				CLANG_WARN_NON_LITERAL_NULL_CONVERSION = YES;
				CLANG_WARN_OBJC_IMPLICIT_RETAIN_SELF = YES;
				CLANG_WARN_OBJC_LITERAL_CONVERSION = YES;
				CLANG_WARN_OBJC_ROOT_CLASS = YES_ERROR;
				CLANG_WARN_QUOTED_INCLUDE_IN_FRAMEWORK_HEADER = YES;
				CLANG_WARN_RANGE_LOOP_ANALYSIS = YES;
				CLANG_WARN_STRICT_PROTOTYPES = YES;
				CLANG_WARN_SUSPICIOUS_MOVE = YES;
				CLANG_WARN_UNGUARDED_AVAILABILITY = YES_AGGRESSIVE;
				CLANG_WARN_UNREACHABLE_CODE = YES;
				CLANG_WARN__DUPLICATE_METHOD_MATCH = YES;
				COPY_PHASE_STRIP = NO;
				DEBUG_INFORMATION_FORMAT = "dwarf-with-dsym";
				ENABLE_NS_ASSERTIONS = NO;
				ENABLE_STRICT_OBJC_MSGSEND = YES;
				ENABLE_USER_SCRIPT_SANDBOXING = YES;
				GCC_C_LANGUAGE_STANDARD = gnu17;
				GCC_NO_COMMON_BLOCKS = YES;
				GCC_WARN_64_TO_32_BIT_CONVERSION = YES;
				GCC_WARN_ABOUT_RETURN_TYPE = YES_ERROR;
				GCC_WARN_UNDECLARED_SELECTOR = YES;
				GCC_WARN_UNINITIALIZED_AUTOS = YES_AGGRESSIVE;
				GCC_WARN_UNUSED_FUNCTION = YES;
				GCC_WARN_UNUSED_VARIABLE = YES;
				LOCALIZATION_PREFERS_STRING_CATALOGS = YES;
				MTL_ENABLE_DEBUG_INFO = NO;
				MTL_FAST_MATH = YES;
				SWIFT_COMPILATION_MODE = wholemodule;
			};
			name = Release;
		};
		DA112F572E9464AC004FF4C9 /* Debug */ = {
			isa = XCBuildConfiguration;
			buildSettings = {
				ASSETCATALOG_COMPILER_APPICON_NAME = AppIcon;
				ASSETCATALOG_COMPILER_GLOBAL_ACCENT_COLOR_NAME = AccentColor;
				CODE_SIGN_ENTITLEMENTS = continuum/continuum.entitlements;
				"CODE_SIGN_IDENTITY[sdk=macosx*]" = "-";
				CODE_SIGN_STYLE = Automatic;
				CURRENT_PROJECT_VERSION = 3;
				DEVELOPMENT_TEAM = NVN2NY8GZC;
				ENABLE_PREVIEWS = YES;
				GENERATE_INFOPLIST_FILE = YES;
				INFOPLIST_FILE = continuum/Info.plist;
				INFOPLIST_KEY_CFBundleDisplayName = continuum;
				INFOPLIST_KEY_LSApplicationCategoryType = "public.app-category.productivity";
				INFOPLIST_KEY_NSPhotoLibraryAddUsageDescription = "Continuum saves your streak share cards to your photo library.";
				"INFOPLIST_KEY_UIApplicationSceneManifest_Generation[sdk=iphoneos*]" = YES;
				"INFOPLIST_KEY_UIApplicationSceneManifest_Generation[sdk=iphonesimulator*]" = YES;
				"INFOPLIST_KEY_UIApplicationSupportsIndirectInputEvents[sdk=iphoneos*]" = YES;
				"INFOPLIST_KEY_UIApplicationSupportsIndirectInputEvents[sdk=iphonesimulator*]" = YES;
				"INFOPLIST_KEY_UILaunchScreen_Generation[sdk=iphoneos*]" = YES;
				"INFOPLIST_KEY_UILaunchScreen_Generation[sdk=iphonesimulator*]" = YES;
				"INFOPLIST_KEY_UIStatusBarStyle[sdk=iphoneos*]" = UIStatusBarStyleDefault;
				"INFOPLIST_KEY_UIStatusBarStyle[sdk=iphonesimulator*]" = UIStatusBarStyleDefault;
				INFOPLIST_KEY_UISupportedInterfaceOrientations_iPad = "UIInterfaceOrientationPortrait UIInterfaceOrientationPortraitUpsideDown UIInterfaceOrientationLandscapeLeft UIInterfaceOrientationLandscapeRight";
				INFOPLIST_KEY_UISupportedInterfaceOrientations_iPhone = "UIInterfaceOrientationPortrait UIInterfaceOrientationLandscapeLeft UIInterfaceOrientationLandscapeRight";
				IPHONEOS_DEPLOYMENT_TARGET = 17.0;
				LD_RUNPATH_SEARCH_PATHS = "@executable_path/Frameworks";
				"LD_RUNPATH_SEARCH_PATHS[sdk=macosx*]" = "@executable_path/../Frameworks";
				MACOSX_DEPLOYMENT_TARGET = 15.4;
				MARKETING_VERSION = 3.3;
				"OTHER_LDFLAGS[sdk=iphonesimulator*]" = (
					"-Xlinker",
					"-interposable",
				);
				PRODUCT_BUNDLE_IDENTIFIER = "orion-labs.continuum";
				PRODUCT_NAME = "$(TARGET_NAME)";
				REGISTER_APP_GROUPS = YES;
				SDKROOT = auto;
				SUPPORTED_PLATFORMS = "iphoneos iphonesimulator";
				SUPPORTS_MACCATALYST = NO;
				SWIFT_EMIT_LOC_STRINGS = YES;
				SWIFT_VERSION = 5.0;
				TARGETED_DEVICE_FAMILY = 1;
				XROS_DEPLOYMENT_TARGET = 2.5;
			};
			name = Debug;
		};
		DA112F582E9464AC004FF4C9 /* Release */ = {
			isa = XCBuildConfiguration;
			buildSettings = {
				ASSETCATALOG_COMPILER_APPICON_NAME = AppIcon;
				ASSETCATALOG_COMPILER_GLOBAL_ACCENT_COLOR_NAME = AccentColor;
				CODE_SIGN_ENTITLEMENTS = continuum/continuum.entitlements;
				"CODE_SIGN_IDENTITY[sdk=macosx*]" = "-";
				CODE_SIGN_STYLE = Automatic;
				CURRENT_PROJECT_VERSION = 3;
				DEVELOPMENT_TEAM = NVN2NY8GZC;
				ENABLE_PREVIEWS = YES;
				GENERATE_INFOPLIST_FILE = YES;
				INFOPLIST_FILE = continuum/Info.plist;
				INFOPLIST_KEY_CFBundleDisplayName = continuum;
				INFOPLIST_KEY_LSApplicationCategoryType = "public.app-category.productivity";
				INFOPLIST_KEY_NSPhotoLibraryAddUsageDescription = "Continuum saves your streak share cards to your photo library.";
				"INFOPLIST_KEY_UIApplicationSceneManifest_Generation[sdk=iphoneos*]" = YES;
				"INFOPLIST_KEY_UIApplicationSceneManifest_Generation[sdk=iphonesimulator*]" = YES;
				"INFOPLIST_KEY_UIApplicationSupportsIndirectInputEvents[sdk=iphoneos*]" = YES;
				"INFOPLIST_KEY_UIApplicationSupportsIndirectInputEvents[sdk=iphonesimulator*]" = YES;
				"INFOPLIST_KEY_UILaunchScreen_Generation[sdk=iphoneos*]" = YES;
				"INFOPLIST_KEY_UILaunchScreen_Generation[sdk=iphonesimulator*]" = YES;
				"INFOPLIST_KEY_UIStatusBarStyle[sdk=iphoneos*]" = UIStatusBarStyleDefault;
				"INFOPLIST_KEY_UIStatusBarStyle[sdk=iphonesimulator*]" = UIStatusBarStyleDefault;
				INFOPLIST_KEY_UISupportedInterfaceOrientations_iPad = "UIInterfaceOrientationPortrait UIInterfaceOrientationPortraitUpsideDown UIInterfaceOrientationLandscapeLeft UIInterfaceOrientationLandscapeRight";
				INFOPLIST_KEY_UISupportedInterfaceOrientations_iPhone = "UIInterfaceOrientationPortrait UIInterfaceOrientationLandscapeLeft UIInterfaceOrientationLandscapeRight";
				IPHONEOS_DEPLOYMENT_TARGET = 17.0;
				LD_RUNPATH_SEARCH_PATHS = "@executable_path/Frameworks";
				"LD_RUNPATH_SEARCH_PATHS[sdk=macosx*]" = "@executable_path/../Frameworks";
				MACOSX_DEPLOYMENT_TARGET = 15.4;
				MARKETING_VERSION = 3.3;
				PRODUCT_BUNDLE_IDENTIFIER = "orion-labs.continuum";
				PRODUCT_NAME = "$(TARGET_NAME)";
				REGISTER_APP_GROUPS = YES;
				SDKROOT = auto;
				SUPPORTED_PLATFORMS = "iphoneos iphonesimulator";
				SUPPORTS_MACCATALYST = NO;
				SWIFT_EMIT_LOC_STRINGS = YES;
				SWIFT_VERSION = 5.0;
				TARGETED_DEVICE_FAMILY = 1;
				XROS_DEPLOYMENT_TARGET = 2.5;
			};
			name = Release;
		};
		DA112F5A2E9464AC004FF4C9 /* Debug */ = {
			isa = XCBuildConfiguration;
			buildSettings = {
				BUNDLE_LOADER = "$(TEST_HOST)";
				CODE_SIGN_STYLE = Automatic;
				CURRENT_PROJECT_VERSION = 3;
				GENERATE_INFOPLIST_FILE = YES;
				IPHONEOS_DEPLOYMENT_TARGET = 17.0;
				MACOSX_DEPLOYMENT_TARGET = 15.4;
				MARKETING_VERSION = 3.3;
				PRODUCT_BUNDLE_IDENTIFIER = "orion-labs.continuumTests";
				PRODUCT_NAME = "$(TARGET_NAME)";
				SDKROOT = auto;
				SUPPORTED_PLATFORMS = "iphoneos iphonesimulator";
				SWIFT_EMIT_LOC_STRINGS = NO;
				SWIFT_VERSION = 5.0;
				TARGETED_DEVICE_FAMILY = "1,2,7";
				TEST_HOST = "$(BUILT_PRODUCTS_DIR)/continuum.app/$(BUNDLE_EXECUTABLE_FOLDER_PATH)/continuum";
				XROS_DEPLOYMENT_TARGET = 2.5;
			};
			name = Debug;
		};
		DA112F5B2E9464AC004FF4C9 /* Release */ = {
			isa = XCBuildConfiguration;
			buildSettings = {
				BUNDLE_LOADER = "$(TEST_HOST)";
				CODE_SIGN_STYLE = Automatic;
				CURRENT_PROJECT_VERSION = 3;
				GENERATE_INFOPLIST_FILE = YES;
				IPHONEOS_DEPLOYMENT_TARGET = 17.0;
				MACOSX_DEPLOYMENT_TARGET = 15.4;
				MARKETING_VERSION = 3.3;
				PRODUCT_BUNDLE_IDENTIFIER = "orion-labs.continuumTests";
				PRODUCT_NAME = "$(TARGET_NAME)";
				SDKROOT = auto;
				SUPPORTED_PLATFORMS = "iphoneos iphonesimulator";
				SWIFT_EMIT_LOC_STRINGS = NO;
				SWIFT_VERSION = 5.0;
				TARGETED_DEVICE_FAMILY = "1,2,7";
				TEST_HOST = "$(BUILT_PRODUCTS_DIR)/continuum.app/$(BUNDLE_EXECUTABLE_FOLDER_PATH)/continuum";
				XROS_DEPLOYMENT_TARGET = 2.5;
			};
			name = Release;
		};
		DA112F5D2E9464AC004FF4C9 /* Debug */ = {
			isa = XCBuildConfiguration;
			buildSettings = {
				CODE_SIGN_STYLE = Automatic;
				CURRENT_PROJECT_VERSION = 3;
				GENERATE_INFOPLIST_FILE = YES;
				IPHONEOS_DEPLOYMENT_TARGET = 17.0;
				MACOSX_DEPLOYMENT_TARGET = 15.4;
				MARKETING_VERSION = 3.3;
				PRODUCT_BUNDLE_IDENTIFIER = "orion-labs.continuumUITests";
				PRODUCT_NAME = "$(TARGET_NAME)";
				SDKROOT = auto;
				SUPPORTED_PLATFORMS = "iphoneos iphonesimulator";
				SWIFT_EMIT_LOC_STRINGS = NO;
				SWIFT_VERSION = 5.0;
				TARGETED_DEVICE_FAMILY = "1,2,7";
				TEST_TARGET_NAME = continuum;
				XROS_DEPLOYMENT_TARGET = 2.5;
			};
			name = Debug;
		};
		DA112F5E2E9464AC004FF4C9 /* Release */ = {
			isa = XCBuildConfiguration;
			buildSettings = {
				CODE_SIGN_STYLE = Automatic;
				CURRENT_PROJECT_VERSION = 3;
				GENERATE_INFOPLIST_FILE = YES;
				IPHONEOS_DEPLOYMENT_TARGET = 17.0;
				MACOSX_DEPLOYMENT_TARGET = 15.4;
				MARKETING_VERSION = 3.3;
				PRODUCT_BUNDLE_IDENTIFIER = "orion-labs.continuumUITests";
				PRODUCT_NAME = "$(TARGET_NAME)";
				SDKROOT = auto;
				SUPPORTED_PLATFORMS = "iphoneos iphonesimulator";
				SWIFT_EMIT_LOC_STRINGS = NO;
				SWIFT_VERSION = 5.0;
				TARGETED_DEVICE_FAMILY = "1,2,7";
				TEST_TARGET_NAME = continuum;
				XROS_DEPLOYMENT_TARGET = 2.5;
			};
			name = Release;
		};
/* End XCBuildConfiguration section */

/* Begin XCConfigurationList section */
		3F774FDC164343439F48C3DF /* Build configuration list for PBXNativeTarget "continuumWidget" */ = {
			isa = XCConfigurationList;
			buildConfigurations = (
				932982279FF2422E98A808E1 /* Debug */,
				20B97CE5203E4C26A3179720 /* Release */,
			);
			defaultConfigurationIsVisible = 0;
			defaultConfigurationName = Release;
		};
		DA112F2F2E9464AB004FF4C9 /* Build configuration list for PBXProject "continuum" */ = {
			isa = XCConfigurationList;
			buildConfigurations = (
				DA112F542E9464AC004FF4C9 /* Debug */,
				DA112F552E9464AC004FF4C9 /* Release */,
			);
			defaultConfigurationIsVisible = 0;
			defaultConfigurationName = Release;
		};
		DA112F562E9464AC004FF4C9 /* Build configuration list for PBXNativeTarget "continuum" */ = {
			isa = XCConfigurationList;
			buildConfigurations = (
				DA112F572E9464AC004FF4C9 /* Debug */,
				DA112F582E9464AC004FF4C9 /* Release */,
			);
			defaultConfigurationIsVisible = 0;
			defaultConfigurationName = Release;
		};
		DA112F592E9464AC004FF4C9 /* Build configuration list for PBXNativeTarget "continuumTests" */ = {
			isa = XCConfigurationList;
			buildConfigurations = (
				DA112F5A2E9464AC004FF4C9 /* Debug */,
				DA112F5B2E9464AC004FF4C9 /* Release */,
			);
			defaultConfigurationIsVisible = 0;
			defaultConfigurationName = Release;
		};
		DA112F5C2E9464AC004FF4C9 /* Build configuration list for PBXNativeTarget "continuumUITests" */ = {
			isa = XCConfigurationList;
			buildConfigurations = (
				DA112F5D2E9464AC004FF4C9 /* Debug */,
				DA112F5E2E9464AC004FF4C9 /* Release */,
			);
			defaultConfigurationIsVisible = 0;
			defaultConfigurationName = Release;
		};
/* End XCConfigurationList section */
	};
	rootObject = DA112F2C2E9464AB004FF4C9 /* Project object */;
}
